# @generated - this file is auto-generated by `mise lock` https://mise.en.dev/dev-tools/mise-lock.html

[[tools."aqua:jdx/usage"]]
version = "3.5.6"
backend = "aqua:jdx/usage"

[tools."aqua:jdx/usage"."platforms.linux-arm64"]
checksum = "sha256:f1b46cbf04e0a94128eee475447920dbb7b09ccd45618faae3245d252b217d97"
url = "https://github.com/jdx/usage/releases/download/v3.5.6/usage-aarch64-unknown-linux-musl.tar.gz"
url_api = "https://api.github.com/repos/jdx/usage/releases/assets/484565449"

[tools."aqua:jdx/usage"."platforms.linux-arm64-musl"]
checksum = "sha256:f1b46cbf04e0a94128eee475447920dbb7b09ccd45618faae3245d252b217d97"
url = "https://github.com/jdx/usage/releases/download/v3.5.6/usage-aarch64-unknown-linux-musl.tar.gz"
url_api = "https://api.github.com/repos/jdx/usage/releases/assets/484565449"

[tools."aqua:jdx/usage"."platforms.linux-x64"]
checksum = "sha256:03f0d50088bce16ae51cc7593d58dddcd1acd1f70afc0e87ab9a5f08b755b687"
url = "https://github.com/jdx/usage/releases/download/v3.5.6/usage-x86_64-unknown-linux-musl.tar.gz"
url_api = "https://api.github.com/repos/jdx/usage/releases/assets/484565533"

[tools."aqua:jdx/usage"."platforms.linux-x64-musl"]
checksum = "sha256:03f0d50088bce16ae51cc7593d58dddcd1acd1f70afc0e87ab9a5f08b755b687"
url = "https://github.com/jdx/usage/releases/download/v3.5.6/usage-x86_64-unknown-linux-musl.tar.gz"
url_api = "https://api.github.com/repos/jdx/usage/releases/assets/484565533"

[tools."aqua:jdx/usage"."platforms.macos-arm64"]
checksum = "sha256:1918694d9f277971b5796b113525b6c3201b3de4c4161f2585dc32bb3aca3eb0"
url = "https://github.com/jdx/usage/releases/download/v3.5.6/usage-universal-apple-darwin.tar.gz"
url_api = "https://api.github.com/repos/jdx/usage/releases/assets/484567363"

[tools."aqua:jdx/usage"."platforms.macos-x64"]
checksum = "sha256:1918694d9f277971b5796b113525b6c3201b3de4c4161f2585dc32bb3aca3eb0"
url = "https://github.com/jdx/usage/releases/download/v3.5.6/usage-universal-apple-darwin.tar.gz"
url_api = "https://api.github.com/repos/jdx/usage/releases/assets/484567363"

[tools."aqua:jdx/usage"."platforms.windows-x64"]
checksum = "sha256:8a607cb23d8ca7cc763273961b2632898f92aab5b0d2006e5715bcb82340dde2"
url = "https://github.com/jdx/usage/releases/download/v3.5.6/usage-x86_64-pc-windows-msvc.zip"
url_api = "https://api.github.com/repos/jdx/usage/releases/assets/484567693"

[[tools."aqua:koalaman/shellcheck"]]
version = "0.11.0"
backend = "aqua:koalaman/shellcheck"

[tools."aqua:koalaman/shellcheck"."platforms.linux-arm64"]
checksum = "sha256:12b331c1d2db6b9eb13cfca64306b1b157a86eb69db83023e261eaa7e7c14588"
url = "https://github.com/koalaman/shellcheck/releases/download/v0.11.0/shellcheck-v0.11.0.linux.aarch64.tar.xz"
url_api = "https://api.github.com/repos/koalaman/shellcheck/releases/assets/279056934"

[tools."aqua:koalaman/shellcheck"."platforms.linux-arm64-musl"]
checksum = "sha256:12b331c1d2db6b9eb13cfca64306b1b157a86eb69db83023e261eaa7e7c14588"
url = "https://github.com/koalaman/shellcheck/releases/download/v0.11.0/shellcheck-v0.11.0.linux.aarch64.tar.xz"
url_api = "https://api.github.com/repos/koalaman/shellcheck/releases/assets/279056934"

[tools."aqua:koalaman/shellcheck"."platforms.linux-x64"]
checksum = "sha256:8c3be12b05d5c177a04c29e3c78ce89ac86f1595681cab149b65b97c4e227198"
url = "https://github.com/koalaman/shellcheck/releases/download/v0.11.0/shellcheck-v0.11.0.linux.x86_64.tar.xz"
url_api = "https://api.github.com/repos/koalaman/shellcheck/releases/assets/279056942"

[tools."aqua:koalaman/shellcheck"."platforms.linux-x64-musl"]
checksum = "sha256:8c3be12b05d5c177a04c29e3c78ce89ac86f1595681cab149b65b97c4e227198"
url = "https://github.com/koalaman/shellcheck/releases/download/v0.11.0/shellcheck-v0.11.0.linux.x86_64.tar.xz"
url_api = "https://api.github.com/repos/koalaman/shellcheck/releases/assets/279056942"

[tools."aqua:koalaman/shellcheck"."platforms.macos-arm64"]
checksum = "sha256:56affdd8de5527894dca6dc3d7e0a99a873b0f004d7aabc30ae407d3f48b0a79"
url = "https://github.com/koalaman/shellcheck/releases/download/v0.11.0/shellcheck-v0.11.0.darwin.aarch64.tar.xz"
url_api = "https://api.github.com/repos/koalaman/shellcheck/releases/assets/279056932"

[tools."aqua:koalaman/shellcheck"."platforms.macos-x64"]
checksum = "sha256:3c89db4edcab7cf1c27bff178882e0f6f27f7afdf54e859fa041fca10febe4c6"
url = "https://github.com/koalaman/shellcheck/releases/download/v0.11.0/shellcheck-v0.11.0.darwin.x86_64.tar.xz"
url_api = "https://api.github.com/repos/koalaman/shellcheck/releases/assets/279056930"

[tools."aqua:koalaman/shellcheck"."platforms.windows-x64"]
checksum = "sha256:8a4e35ab0b331c85d73567b12f2a444df187f483e5079ceffa6bda1faa2e740e"
url = "https://github.com/koalaman/shellcheck/releases/download/v0.11.0/shellcheck-v0.11.0.zip"
url_api = "https://api.github.com/repos/koalaman/shellcheck/releases/assets/279056944"

[[tools."aqua:pnpm/pnpm"]]
version = "12.5.1"
backend = "aqua:pnpm/pnpm"

[tools."aqua:pnpm/pnpm"."platforms.linux-arm64"]
checksum = "sha256:84e1290e82c800acd406b6db27e9650e15db3c2344d12162cc305ea1f942c6ff"
url = "https://github.com/pnpm/pnpm/releases/download/v12.5.1/pnpm-linux-arm64.tar.gz"
url_api = "https://api.github.com/repos/pnpm/pnpm/releases/assets/573486212"
provenance = "github-attestations"

[tools."aqua:pnpm/pnpm"."platforms.linux-arm64-musl"]
checksum = "sha256:41d24fdc91360b431d667c54720f62b2d32e14ba71b09b2d0a63a8c859dcc4e3"
url = "https://github.com/pnpm/pnpm/releases/download/v12.5.1/pnpm-linux-arm64-musl.tar.gz"
url_api = "https://api.github.com/repos/pnpm/pnpm/releases/assets/573486225"
provenance = "github-attestations"

[tools."aqua:pnpm/pnpm"."platforms.linux-x64"]
checksum = "sha256:5a397dfb6b3d4b07d3d7769586aeb471048faf04299a492e2808b95a9a1c701f"
url = "https://github.com/pnpm/pnpm/releases/download/v12.5.1/pnpm-linux-x64.tar.gz"
url_api = "https://api.github.com/repos/pnpm/pnpm/releases/assets/573486211"
provenance = "github-attestations"

[tools."aqua:pnpm/pnpm"."platforms.linux-x64-musl"]
checksum = "sha256:9b1910e07dac85bb7a2f5e0d1eb15da49b9e6220e0862b339877f8729bfb467a"
url = "https://github.com/pnpm/pnpm/releases/download/v12.5.1/pnpm-linux-x64-musl.tar.gz"
url_api = "https://api.github.com/repos/pnpm/pnpm/releases/assets/573486222"
provenance = "github-attestations"

[tools."aqua:pnpm/pnpm"."platforms.macos-arm64"]
checksum = "sha256:776b26182ea825d5846dc236d29773cf4b7568b7f0abe145c328a342284c8b75"
url = "https://github.com/pnpm/pnpm/releases/download/v12.5.1/pnpm-darwin-arm64.tar.gz"
url_api = "https://api.github.com/repos/pnpm/pnpm/releases/assets/573486213"
provenance = "github-attestations"

[tools."aqua:pnpm/pnpm"."platforms.windows-x64"]
checksum = "sha256:fd20b55fe51414951efd4870a24dc4609694e391d07620e0df69aac151278989"
url = "https://github.com/pnpm/pnpm/releases/download/v12.5.1/pnpm-win32-x64.zip"
url_api = "https://api.github.com/repos/pnpm/pnpm/releases/assets/573486214"
provenance = "github-attestations"

[[tools."aqua:rhysd/actionlint"]]
version = "1.7.12"
backend = "aqua:rhysd/actionlint"

[tools."aqua:rhysd/actionlint"."platforms.linux-arm64"]
checksum = "sha256:325e971b6ba9bfa504672e29be93c24981eeb1c07576d730e9f7c8805afff0c6"
url = "https://github.com/rhysd/actionlint/releases/download/v1.7.12/actionlint_1.7.12_linux_arm64.tar.gz"
url_api = "https://api.github.com/repos/rhysd/actionlint/releases/assets/384924897"
provenance = "github-attestations"

[tools."aqua:rhysd/actionlint"."platforms.linux-arm64-musl"]
checksum = "sha256:325e971b6ba9bfa504672e29be93c24981eeb1c07576d730e9f7c8805afff0c6"
url = "https://github.com/rhysd/actionlint/releases/download/v1.7.12/actionlint_1.7.12_linux_arm64.tar.gz"
url_api = "https://api.github.com/repos/rhysd/actionlint/releases/assets/384924897"
provenance = "github-attestations"

[tools."aqua:rhysd/actionlint"."platforms.linux-x64"]
checksum = "sha256:8aca8db96f1b94770f1b0d72b6dddcb1ebb8123cb3712530b08cc387b349a3d8"
url = "https://github.com/rhysd/actionlint/releases/download/v1.7.12/actionlint_1.7.12_linux_amd64.tar.gz"
url_api = "https://api.github.com/repos/rhysd/actionlint/releases/assets/384924896"
provenance = "github-attestations"

[tools."aqua:rhysd/actionlint"."platforms.linux-x64-musl"]
checksum = "sha256:8aca8db96f1b94770f1b0d72b6dddcb1ebb8123cb3712530b08cc387b349a3d8"
url = "https://github.com/rhysd/actionlint/releases/download/v1.7.12/actionlint_1.7.12_linux_amd64.tar.gz"
url_api = "https://api.github.com/repos/rhysd/actionlint/releases/assets/384924896"
provenance = "github-attestations"

[tools."aqua:rhysd/actionlint"."platforms.macos-arm64"]
checksum = "sha256:aba9ced2dee8d27fecca3dc7feb1a7f9a52caefa1eb46f3271ea66b6e0e6953f"
url = "https://github.com/rhysd/actionlint/releases/download/v1.7.12/actionlint_1.7.12_darwin_arm64.tar.gz"
url_api = "https://api.github.com/repos/rhysd/actionlint/releases/assets/384924893"
provenance = "github-attestations"

[tools."aqua:rhysd/actionlint"."platforms.macos-x64"]
checksum = "sha256:5b44c3bc2255115c9b69e30efc0fecdf498fdb63c5d58e17084fd5f16324c644"
url = "https://github.com/rhysd/actionlint/releases/download/v1.7.12/actionlint_1.7.12_darwin_amd64.tar.gz"
url_api = "https://api.github.com/repos/rhysd/actionlint/releases/assets/384924880"
provenance = "github-attestations"

[tools."aqua:rhysd/actionlint"."platforms.windows-x64"]
checksum = "sha256:6e7241b51e6817ea6a047693d8e6fed13b31819c9a0dd6c5a726e1592d22f6e9"
url = "https://github.com/rhysd/actionlint/releases/download/v1.7.12/actionlint_1.7.12_windows_amd64.zip"
url_api = "https://api.github.com/repos/rhysd/actionlint/releases/assets/384924919"
provenance = "github-attestations"

[[tools."aqua:rvben/rumdl"]]
version = "0.2.74"
backend = "aqua:rvben/rumdl"

[tools."aqua:rvben/rumdl"."platforms.linux-arm64"]
checksum = "sha256:ab6d4beff8d75a44d12f105abeb615fb2328cb8e806eaf2c256320c32529ddbb"
url = "https://github.com/rvben/rumdl/releases/download/v0.2.74/rumdl-v0.2.74-aarch64-unknown-linux-gnu.tar.gz"
url_api = "https://api.github.com/repos/rvben/rumdl/releases/assets/573014003"
provenance = "github-attestations"

[tools."aqua:rvben/rumdl"."platforms.linux-arm64-musl"]
checksum = "sha256:6126d87c3586ac56e608f1e64f6cc43197b9dc44e5eb8aebe693e948f6b487ef"
url = "https://github.com/rvben/rumdl/releases/download/v0.2.74/rumdl-v0.2.74-aarch64-unknown-linux-musl.tar.gz"
url_api = "https://api.github.com/repos/rvben/rumdl/releases/assets/573014007"
provenance = "github-attestations"

[tools."aqua:rvben/rumdl"."platforms.linux-x64"]
checksum = "sha256:6e73dff282427061e5f086213e8923962714664cece97230bd3a0c5c02a5ebf9"
url = "https://github.com/rvben/rumdl/releases/download/v0.2.74/rumdl-v0.2.74-x86_64-unknown-linux-gnu.tar.gz"
url_api = "https://api.github.com/repos/rvben/rumdl/releases/assets/573014016"
provenance = "github-attestations"

[tools."aqua:rvben/rumdl"."platforms.linux-x64-musl"]
checksum = "sha256:8720bd8b101048433c2058c54597fe6a300f1ff6b2692acfe66586573fc1815c"
url = "https://github.com/rvben/rumdl/releases/download/v0.2.74/rumdl-v0.2.74-x86_64-unknown-linux-musl.tar.gz"
url_api = "https://api.github.com/repos/rvben/rumdl/releases/assets/573014015"
provenance = "github-attestations"

[tools."aqua:rvben/rumdl"."platforms.macos-arm64"]
checksum = "sha256:6d623ffce778f3eeed50377284b9825dadc569cb1238bd52b3e774928be7dbe6"
url = "https://github.com/rvben/rumdl/releases/download/v0.2.74/rumdl-v0.2.74-aarch64-apple-darwin.tar.gz"
url_api = "https://api.github.com/repos/rvben/rumdl/releases/assets/573014012"
provenance = "github-attestations"

[tools."aqua:rvben/rumdl"."platforms.macos-x64"]
checksum = "sha256:0e05ef86d1136d5f329809dddf801dc3174f975c9fae5b5cfd85402f7be4e146"
url = "https://github.com/rvben/rumdl/releases/download/v0.2.74/rumdl-v0.2.74-x86_64-apple-darwin.tar.gz"
url_api = "https://api.github.com/repos/rvben/rumdl/releases/assets/573014009"
provenance = "github-attestations"

[tools."aqua:rvben/rumdl"."platforms.windows-x64"]
checksum = "sha256:eb664d85f690754796ca7a475aa79c9e8bda8f024b37d087a5cbcf2c1e66c69a"
url = "https://github.com/rvben/rumdl/releases/download/v0.2.74/rumdl-v0.2.74-x86_64-pc-windows-msvc.zip"
url_api = "https://api.github.com/repos/rvben/rumdl/releases/assets/573014014"
provenance = "github-attestations"

[[tools."aqua:tamasfe/taplo"]]
version = "0.10.0"
backend = "aqua:tamasfe/taplo"

[tools."aqua:tamasfe/taplo"."platforms.linux-arm64"]
checksum = "sha256:033681d01eec8376c3fd38fa3703c79316f5e14bb013d859943b60a07bccdcc3"
url = "https://github.com/tamasfe/taplo/releases/download/0.10.0/taplo-linux-aarch64.gz"
url_api = "https://api.github.com/repos/tamasfe/taplo/releases/assets/257322597"

[tools."aqua:tamasfe/taplo"."platforms.linux-arm64-musl"]
checksum = "sha256:033681d01eec8376c3fd38fa3703c79316f5e14bb013d859943b60a07bccdcc3"
url = "https://github.com/tamasfe/taplo/releases/download/0.10.0/taplo-linux-aarch64.gz"
url_api = "https://api.github.com/repos/tamasfe/taplo/releases/assets/257322597"

[tools."aqua:tamasfe/taplo"."platforms.linux-x64"]
checksum = "sha256:8fe196b894ccf9072f98d4e1013a180306e17d244830b03986ee5e8eabeb6156"
url = "https://github.com/tamasfe/taplo/releases/download/0.10.0/taplo-linux-x86_64.gz"
url_api = "https://api.github.com/repos/tamasfe/taplo/releases/assets/257322600"

[tools."aqua:tamasfe/taplo"."platforms.linux-x64-musl"]
checksum = "sha256:8fe196b894ccf9072f98d4e1013a180306e17d244830b03986ee5e8eabeb6156"
url = "https://github.com/tamasfe/taplo/releases/download/0.10.0/taplo-linux-x86_64.gz"
url_api = "https://api.github.com/repos/tamasfe/taplo/releases/assets/257322600"

[tools."aqua:tamasfe/taplo"."platforms.macos-arm64"]
checksum = "sha256:713734314c3e71894b9e77513c5349835eefbd52908445a0d73b0c7dc469347d"
url = "https://github.com/tamasfe/taplo/releases/download/0.10.0/taplo-darwin-aarch64.gz"
url_api = "https://api.github.com/repos/tamasfe/taplo/releases/assets/257323110"

[tools."aqua:tamasfe/taplo"."platforms.macos-x64"]
checksum = "sha256:898122cde3a0b1cd1cbc2d52d3624f23338218c91b5ddb71518236a4c2c10ef2"
url = "https://github.com/tamasfe/taplo/releases/download/0.10.0/taplo-darwin-x86_64.gz"
url_api = "https://api.github.com/repos/tamasfe/taplo/releases/assets/257323116"

[tools."aqua:tamasfe/taplo"."platforms.windows-x64"]
checksum = "sha256:1615eed140039bd58e7089109883b1c434de5d6de8f64a993e6e8c80ca57bdf9"
url = "https://github.com/tamasfe/taplo/releases/download/0.10.0/taplo-windows-x86_64.zip"
url_api = "https://api.github.com/repos/tamasfe/taplo/releases/assets/257323062"

[[tools."aqua:zizmorcore/zizmor"]]
version = "1.30.1"
backend = "aqua:zizmorcore/zizmor"

[tools."aqua:zizmorcore/zizmor"."platforms.linux-arm64"]
checksum = "sha256:7ff1dce33bdd18fd2a4affe63bdd47efcccca97b2cec1c1863ec26e9e2647540"
url = "https://github.com/zizmorcore/zizmor/releases/download/v1.30.1/zizmor-aarch64-unknown-linux-gnu.tar.gz"
url_api = "https://api.github.com/repos/zizmorcore/zizmor/releases/assets/552067643"
provenance = "github-attestations"

[tools."aqua:zizmorcore/zizmor"."platforms.linux-arm64-musl"]
provenance = "github-attestations"

[tools."aqua:zizmorcore/zizmor"."platforms.linux-x64"]
checksum = "sha256:e65324f4430c2717591937edcec90ccbefaf14c174f8ec9415e03ca875b46e1a"
url = "https://github.com/zizmorcore/zizmor/releases/download/v1.30.1/zizmor-x86_64-unknown-linux-gnu.tar.gz"
url_api = "https://api.github.com/repos/zizmorcore/zizmor/releases/assets/552067642"
provenance = "github-attestations"

[tools."aqua:zizmorcore/zizmor"."platforms.linux-x64-musl"]
provenance = "github-attestations"

[tools."aqua:zizmorcore/zizmor"."platforms.macos-arm64"]
checksum = "sha256:e28d22b087f9ebb8d99da6e740d348c930f559961c7c3f12badda54f882195a2"
url = "https://github.com/zizmorcore/zizmor/releases/download/v1.30.1/zizmor-aarch64-apple-darwin.tar.gz"
url_api = "https://api.github.com/repos/zizmorcore/zizmor/releases/assets/552067640"
provenance = "github-attestations"

[tools."aqua:zizmorcore/zizmor"."platforms.macos-x64"]
checksum = "sha256:10e6b18b11ea07e515a16f0f0518c7b07527bc9977c1fd5698181ce7f3554202"
url = "https://github.com/zizmorcore/zizmor/releases/download/v1.30.1/zizmor-x86_64-apple-darwin.tar.gz"
url_api = "https://api.github.com/repos/zizmorcore/zizmor/releases/assets/552067641"
provenance = "github-attestations"

[tools."aqua:zizmorcore/zizmor"."platforms.windows-x64"]
checksum = "sha256:b183b1e996eddfab9659f1e9b46e059f1ef1cf984a1f14e5da09f7876a4b3a1c"
url = "https://github.com/zizmorcore/zizmor/releases/download/v1.30.1/zizmor-x86_64-pc-windows-msvc.zip"
url_api = "https://api.github.com/repos/zizmorcore/zizmor/releases/assets/552067645"
provenance = "github-attestations"

[[tools.node]]
version = "24.21.0"
backend = "core:node"

[tools.node."platforms.linux-arm64"]
checksum = "sha256:724282c3b43aec998aa9527380465b45d229e021b58035f5f4f63095eabfe5d5"
url = "https://nodejs.org/dist/v24.21.0/node-v24.21.0-linux-arm64.tar.gz"

[tools.node."platforms.linux-arm64-musl"]
checksum = "sha256:3048b0811e158ca0d8672b59c839861763e144492980d8d29b369dfee45747e4"
url = "https://unofficial-builds.nodejs.org/download/release/v24.21.0/node-v24.21.0-linux-arm64-musl.tar.gz"

[tools.node."platforms.linux-x64"]
checksum = "sha256:6e1db87ef58b8819e5d5402eff1536491b18edd8eb7bee5ef7897876e88dc5ff"
url = "https://nodejs.org/dist/v24.21.0/node-v24.21.0-linux-x64.tar.gz"

[tools.node."platforms.linux-x64-musl"]
checksum = "sha256:01a713e34da98e7b4d2a3191ee7ca3f93dd0384d1a2ef23c379b2161ee6e133a"
url = "https://unofficial-builds.nodejs.org/download/release/v24.21.0/node-v24.21.0-linux-x64-musl.tar.gz"

[tools.node."platforms.macos-arm64"]
checksum = "sha256:bed7eea5325e1108f32ce5228ddd6a5f0f08a499ee42aa7442aea583702f6057"
url = "https://nodejs.org/dist/v24.21.0/node-v24.21.0-darwin-arm64.tar.gz"

[tools.node."platforms.macos-x64"]
checksum = "sha256:1462cb3b3046b815cf8ea436d3da450ec1a9f11dac7e5a46b0ada5305d7e8097"
url = "https://nodejs.org/dist/v24.21.0/node-v24.21.0-darwin-x64.tar.gz"

[tools.node."platforms.windows-x64"]
checksum = "sha256:158f7685b44de51f6c0df1d153526cbcd3e1bc739a8dfc607721cef75de9e541"
url = "https://nodejs.org/dist/v24.21.0/node-v24.21.0-win-x64.zip"

[[tools."npm:npm"]]
version = "12.0.2"
backend = "npm:npm"
